
Microsoft Visual Studio Solution File, Format Version 12.00
# Visual Studio Version 16
VisualStudioVersion = 16.0.30308.118
MinimumVisualStudioVersion = 10.0.40219.1
Project("{9A19103F-16F7-4668-BE54-9A1E7A4F7556}") = "HOWTOUSE", "HOWTOUSE\HOWTOUSE.csproj", "{AFD13EC1-CC4C-40CC-B10D-908A68AAEB9F}"
EndProject
Project("{2150E333-8FDC-42A3-9474-1A3956D46DE8}") = "Business", "Business", "{4DC745AD-AA53-4693-8ECC-9BF4E9D84DE6}"
EndProject
Project("{2150E333-8FDC-42A3-9474-1A3956D46DE8}") = "Data", "Data", "{0333971B-3CFD-432C-B8F9-5375309A56F1}"
EndProject
Project("{2150E333-8FDC-42A3-9474-1A3956D46DE8}") = "DTO", "DTO", "{1857CDAE-D136-45A4-9DF6-3F24B9EF0052}"
EndProject
Project("{2150E333-8FDC-42A3-9474-1A3956D46DE8}") = "UI", "UI", "{0E951EE0-1508-4DC1-A75D-0828DA1C184F}"
EndProject
Project("{9A19103F-16F7-4668-BE54-9A1E7A4F7556}") = "HOWTOUSE.DTO", "HOWTOUSE.DTO\HOWTOUSE.DTO.csproj", "{2E22A231-EB52-4319-B0A9-1FF4860CB7E6}"
EndProject
Project("{9A19103F-16F7-4668-BE54-9A1E7A4F7556}") = "HOWTOUSE.DAC", "HOWTOUSE.DAC\HOWTOUSE.DAC.csproj", "{07725F78-E742-42B8-8216-EF0C1136C8D4}"
EndProject
Project("{9A19103F-16F7-4668-BE54-9A1E7A4F7556}") = "HOWTOUSE.BIZ", "HOWTOUSE.BIZ\HOWTOUSE.BIZ.csproj", "{A1CEE7D0-F397-4AD3-8F3F-FFE8259392D4}"
EndProject
Global
	GlobalSection(SolutionConfigurationPlatforms) = preSolution
		Debug|Any CPU = Debug|Any CPU
		Release|Any CPU = Release|Any CPU
	EndGlobalSection
	GlobalSection(ProjectConfigurationPlatforms) = postSolution
		{AFD13EC1-CC4C-40CC-B10D-908A68AAEB9F}.Debug|Any CPU.ActiveCfg = Debug|Any CPU
		{AFD13EC1-CC4C-40CC-B10D-908A68AAEB9F}.Debug|Any CPU.Build.0 = Debug|Any CPU
		{AFD13EC1-CC4C-40CC-B10D-908A68AAEB9F}.Release|Any CPU.ActiveCfg = Release|Any CPU
		{AFD13EC1-CC4C-40CC-B10D-908A68AAEB9F}.Release|Any CPU.Build.0 = Release|Any CPU
		{2E22A231-EB52-4319-B0A9-1FF4860CB7E6}.Debug|Any CPU.ActiveCfg = Debug|Any CPU
		{2E22A231-EB52-4319-B0A9-1FF4860CB7E6}.Debug|Any CPU.Build.0 = Debug|Any CPU
		{2E22A231-EB52-4319-B0A9-1FF4860CB7E6}.Release|Any CPU.ActiveCfg = Release|Any CPU
		{2E22A231-EB52-4319-B0A9-1FF4860CB7E6}.Release|Any CPU.Build.0 = Release|Any CPU
		{07725F78-E742-42B8-8216-EF0C1136C8D4}.Debug|Any CPU.ActiveCfg = Debug|Any CPU
		{07725F78-E742-42B8-8216-EF0C1136C8D4}.Debug|Any CPU.Build.0 = Debug|Any CPU
		{07725F78-E742-42B8-8216-EF0C1136C8D4}.Release|Any CPU.ActiveCfg = Release|Any CPU
		{07725F78-E742-42B8-8216-EF0C1136C8D4}.Release|Any CPU.Build.0 = Release|Any CPU
		{A1CEE7D0-F397-4AD3-8F3F-FFE8259392D4}.Debug|Any CPU.ActiveCfg = Debug|Any CPU
		{A1CEE7D0-F397-4AD3-8F3F-FFE8259392D4}.Debug|Any CPU.Build.0 = Debug|Any CPU
		{A1CEE7D0-F397-4AD3-8F3F-FFE8259392D4}.Release|Any CPU.ActiveCfg = Release|Any CPU
		{A1CEE7D0-F397-4AD3-8F3F-FFE8259392D4}.Release|Any CPU.Build.0 = Release|Any CPU
	EndGlobalSection
	GlobalSection(SolutionProperties) = preSolution
		HideSolutionNode = FALSE
	EndGlobalSection
	GlobalSection(NestedProjects) = preSolution
		{AFD13EC1-CC4C-40CC-B10D-908A68AAEB9F} = {0E951EE0-1508-4DC1-A75D-0828DA1C184F}
		{2E22A231-EB52-4319-B0A9-1FF4860CB7E6} = {1857CDAE-D136-45A4-9DF6-3F24B9EF0052}
		{07725F78-E742-42B8-8216-EF0C1136C8D4} = {0333971B-3CFD-432C-B8F9-5375309A56F1}
		{A1CEE7D0-F397-4AD3-8F3F-FFE8259392D4} = {4DC745AD-AA53-4693-8ECC-9BF4E9D84DE6}
	EndGlobalSection
	GlobalSection(ExtensibilityGlobals) = postSolution
		SolutionGuid = {DCD21155-726E-4AE3-A181-7B2D75D86B1E}
	EndGlobalSection
EndGlobal
